
Microsoft Visual Studio Solution File, Format Version 12.00
# Visual Studio Version 17
VisualStudioVersion = 17.0.32112.339
MinimumVisualStudioVersion = 10.0.40219.1
Project("{8BC9CEB8-8B4A-11D0-8D11-00A0C91BC942}") = "topdown", "longestcommansubsequence.vcxproj", "{454734D7-0B28-4310-9615-56CB99440820}"
EndProject
Project("{8BC9CEB8-8B4A-11D0-8D11-00A0C91BC942}") = "Recursive", "..\longest\longest.vcxproj", "{6F8EA133-C72B-480C-BCFB-82C89E0E09A6}"
	ProjectSection(ProjectDependencies) = postProject
		{31A0B7B8-B4FD-4B6D-A12E-B083A2376549} = {31A0B7B8-B4FD-4B6D-A12E-B083A2376549}
		{454734D7-0B28-4310-9615-56CB99440820} = {454734D7-0B28-4310-9615-56CB99440820}
	EndProjectSection
EndProject
Project("{8BC9CEB8-8B4A-11D0-8D11-00A0C91BC942}") = "Bottomup", "..\Bottomup\Bottomup.vcxproj", "{31A0B7B8-B4FD-4B6D-A12E-B083A2376549}"
EndProject
Global
	GlobalSection(SolutionConfigurationPlatforms) = preSolution
		Debug|x64 = Debug|x64
		Debug|x86 = Debug|x86
		Release|x64 = Release|x64
		Release|x86 = Release|x86
	EndGlobalSection
	GlobalSection(ProjectConfigurationPlatforms) = postSolution
		{454734D7-0B28-4310-9615-56CB99440820}.Debug|x64.ActiveCfg = Debug|x64
		{454734D7-0B28-4310-9615-56CB99440820}.Debug|x64.Build.0 = Debug|x64
		{454734D7-0B28-4310-9615-56CB99440820}.Debug|x86.ActiveCfg = Debug|Win32
		{454734D7-0B28-4310-9615-56CB99440820}.Debug|x86.Build.0 = Debug|Win32
		{454734D7-0B28-4310-9615-56CB99440820}.Release|x64.ActiveCfg = Release|x64
		{454734D7-0B28-4310-9615-56CB99440820}.Release|x64.Build.0 = Release|x64
		{454734D7-0B28-4310-9615-56CB99440820}.Release|x86.ActiveCfg = Release|Win32
		{454734D7-0B28-4310-9615-56CB99440820}.Release|x86.Build.0 = Release|Win32
		{6F8EA133-C72B-480C-BCFB-82C89E0E09A6}.Debug|x64.ActiveCfg = Debug|x64
		{6F8EA133-C72B-480C-BCFB-82C89E0E09A6}.Debug|x64.Build.0 = Debug|x64
		{6F8EA133-C72B-480C-BCFB-82C89E0E09A6}.Debug|x86.ActiveCfg = Debug|Win32
		{6F8EA133-C72B-480C-BCFB-82C89E0E09A6}.Debug|x86.Build.0 = Debug|Win32
		{6F8EA133-C72B-480C-BCFB-82C89E0E09A6}.Release|x64.ActiveCfg = Release|x64
		{6F8EA133-C72B-480C-BCFB-82C89E0E09A6}.Release|x64.Build.0 = Release|x64
		{6F8EA133-C72B-480C-BCFB-82C89E0E09A6}.Release|x86.ActiveCfg = Release|Win32
		{6F8EA133-C72B-480C-BCFB-82C89E0E09A6}.Release|x86.Build.0 = Release|Win32
		{31A0B7B8-B4FD-4B6D-A12E-B083A2376549}.Debug|x64.ActiveCfg = Debug|x64
		{31A0B7B8-B4FD-4B6D-A12E-B083A2376549}.Debug|x64.Build.0 = Debug|x64
		{31A0B7B8-B4FD-4B6D-A12E-B083A2376549}.Debug|x86.ActiveCfg = Debug|Win32
		{31A0B7B8-B4FD-4B6D-A12E-B083A2376549}.Debug|x86.Build.0 = Debug|Win32
		{31A0B7B8-B4FD-4B6D-A12E-B083A2376549}.Release|x64.ActiveCfg = Release|x64
		{31A0B7B8-B4FD-4B6D-A12E-B083A2376549}.Release|x64.Build.0 = Release|x64
		{31A0B7B8-B4FD-4B6D-A12E-B083A2376549}.Release|x86.ActiveCfg = Release|Win32
		{31A0B7B8-B4FD-4B6D-A12E-B083A2376549}.Release|x86.Build.0 = Release|Win32
	EndGlobalSection
	GlobalSection(SolutionProperties) = preSolution
		HideSolutionNode = FALSE
	EndGlobalSection
	GlobalSection(ExtensibilityGlobals) = postSolution
		SolutionGuid = {E5236CDD-4C83-4038-9AEA-D622F28349C7}
	EndGlobalSection
EndGlobal
